
Microsoft Visual Studio Solution File, Format Version 12.00
# Visual Studio Version 17
VisualStudioVersion = 17.13.35806.99 d17.13
MinimumVisualStudioVersion = 10.0.40219.1
Project("{FAE04EC0-301F-11D3-BF4B-00C04F79EFBC}") = "Console App", "Console App\Console App.csproj", "{B0BFFF05-970A-4DD3-AE3A-A2A577B9FAED}"
EndProject
Global
	GlobalSection(SolutionConfigurationPlatforms) = preSolution
		Debug|Any CPU = Debug|Any CPU
		Release|Any CPU = Release|Any CPU
	EndGlobalSection
	GlobalSection(ProjectConfigurationPlatforms) = postSolution
		{B0BFFF05-970A-4DD3-AE3A-A2A577B9FAED}.Debug|Any CPU.ActiveCfg = Debug|Any CPU
		{B0BFFF05-970A-4DD3-AE3A-A2A577B9FAED}.Debug|Any CPU.Build.0 = Debug|Any CPU
		{B0BFFF05-970A-4DD3-AE3A-A2A577B9FAED}.Release|Any CPU.ActiveCfg = Release|Any CPU
		{B0BFFF05-970A-4DD3-AE3A-A2A577B9FAED}.Release|Any CPU.Build.0 = Release|Any CPU
	EndGlobalSection
	GlobalSection(SolutionProperties) = preSolution
		HideSolutionNode = FALSE
	EndGlobalSection
	GlobalSection(ExtensibilityGlobals) = postSolution
		SolutionGuid = {E3CD40AE-4D54-41FF-B365-80B522CC8C7F}
	EndGlobalSection
EndGlobal
